
Microsoft Visual Studio Solution File, Format Version 12.00
# Visual Studio 15
VisualStudioVersion = 15.0.28010.2003
MinimumVisualStudioVersion = 10.0.40219.1
Project("{FAE04EC0-301F-11D3-BF4B-00C04F79EFBC}") = "Q-Hack-2018", "Q-Hack-2018\Q-Hack-2018.csproj", "{AA3FA14B-4FA6-4011-8CF7-AECBCD83B57D}"
EndProject
Project("{FAE04EC0-301F-11D3-BF4B-00C04F79EFBC}") = "Q-Hack-2018.Core", "Q-Hack-2018.Core\Q-Hack-2018.Core.csproj", "{D4532282-6E4D-4667-B226-4D68CD0FB487}"
EndProject
Project("{FAE04EC0-301F-11D3-BF4B-00C04F79EFBC}") = "Q-Hack-2018.Infrastructure", "Q-Hack-2018.Infrastructure\Q-Hack-2018.Infrastructure.csproj", "{AB178B4B-B6E9-4F49-9796-71E305116015}"
EndProject
Global
	GlobalSection(SolutionConfigurationPlatforms) = preSolution
		Debug|Any CPU = Debug|Any CPU
		Release|Any CPU = Release|Any CPU
	EndGlobalSection
	GlobalSection(ProjectConfigurationPlatforms) = postSolution
		{AA3FA14B-4FA6-4011-8CF7-AECBCD83B57D}.Debug|Any CPU.ActiveCfg = Debug|Any CPU
		{AA3FA14B-4FA6-4011-8CF7-AECBCD83B57D}.Debug|Any CPU.Build.0 = Debug|Any CPU
		{AA3FA14B-4FA6-4011-8CF7-AECBCD83B57D}.Release|Any CPU.ActiveCfg = Release|Any CPU
		{AA3FA14B-4FA6-4011-8CF7-AECBCD83B57D}.Release|Any CPU.Build.0 = Release|Any CPU
		{D4532282-6E4D-4667-B226-4D68CD0FB487}.Debug|Any CPU.ActiveCfg = Debug|Any CPU
		{D4532282-6E4D-4667-B226-4D68CD0FB487}.Debug|Any CPU.Build.0 = Debug|Any CPU
		{D4532282-6E4D-4667-B226-4D68CD0FB487}.Release|Any CPU.ActiveCfg = Release|Any CPU
		{D4532282-6E4D-4667-B226-4D68CD0FB487}.Release|Any CPU.Build.0 = Release|Any CPU
		{AB178B4B-B6E9-4F49-9796-71E305116015}.Debug|Any CPU.ActiveCfg = Debug|Any CPU
		{AB178B4B-B6E9-4F49-9796-71E305116015}.Debug|Any CPU.Build.0 = Debug|Any CPU
		{AB178B4B-B6E9-4F49-9796-71E305116015}.Release|Any CPU.ActiveCfg = Release|Any CPU
		{AB178B4B-B6E9-4F49-9796-71E305116015}.Release|Any CPU.Build.0 = Release|Any CPU
	EndGlobalSection
	GlobalSection(SolutionProperties) = preSolution
		HideSolutionNode = FALSE
	EndGlobalSection
	GlobalSection(ExtensibilityGlobals) = postSolution
		SolutionGuid = {BBF71AED-1422-4434-85DB-AAE8CC7433F8}
	EndGlobalSection
EndGlobal
